
Microsoft Visual Studio Solution File, Format Version 12.00
# Visual Studio Version 17
VisualStudioVersion = 17.11.35327.3
MinimumVisualStudioVersion = 10.0.40219.1
Project("{FAE04EC0-301F-11D3-BF4B-00C04F79EFBC}") = "DotNetTrainingBatch5.ConsoleApp", "DotNetTrainingBatch5.ConsoleApp\DotNetTrainingBatch5.ConsoleApp.csproj", "{9AA5AA06-CF47-4C56-8898-B315BB93393F}"
EndProject
Global
	GlobalSection(SolutionConfigurationPlatforms) = preSolution
		Debug|Any CPU = Debug|Any CPU
		Release|Any CPU = Release|Any CPU
	EndGlobalSection
	GlobalSection(ProjectConfigurationPlatforms) = postSolution
		{9AA5AA06-CF47-4C56-8898-B315BB93393F}.Debug|Any CPU.ActiveCfg = Debug|Any CPU
		{9AA5AA06-CF47-4C56-8898-B315BB93393F}.Debug|Any CPU.Build.0 = Debug|Any CPU
		{9AA5AA06-CF47-4C56-8898-B315BB93393F}.Release|Any CPU.ActiveCfg = Release|Any CPU
		{9AA5AA06-CF47-4C56-8898-B315BB93393F}.Release|Any CPU.Build.0 = Release|Any CPU
	EndGlobalSection
	GlobalSection(SolutionProperties) = preSolution
		HideSolutionNode = FALSE
	EndGlobalSection
	GlobalSection(ExtensibilityGlobals) = postSolution
		SolutionGuid = {635BBF46-31FB-4DF8-9AE6-60D9A3A466FA}
	EndGlobalSection
EndGlobal
